Microsoft Visual Studio Solution File, Format Version 12.00
# Visual Studio Version 17
VisualStudioVersion = 17.5.2.0
MinimumVisualStudioVersion = 10.0.40219.1
Project("{FAE04EC0-301F-11D3-BF4B-00C04F79EFBC}") = "GitHubActionsDotNet.Api", "GitHubActionsDotNet.Api\GitHubActionsDotNet.Api.csproj", "{8823891B-32DB-51E2-B824-0900BB07016B}"
EndProject
Project("{FAE04EC0-301F-11D3-BF4B-00C04F79EFBC}") = "GitHubActionsDotNet.Api.Tests", "GitHubActionsDotNet.Api.Tests\GitHubActionsDotNet.Api.Tests.csproj", "{78FB9AC7-3A2D-0C88-74F4-2C9BA3F241E0}"
EndProject
Global
	GlobalSection(SolutionConfigurationPlatforms) = preSolution
		Debug|Any CPU = Debug|Any CPU
		Release|Any CPU = Release|Any CPU
	EndGlobalSection
	GlobalSection(ProjectConfigurationPlatforms) = postSolution
		{8823891B-32DB-51E2-B824-0900BB07016B}.Debug|Any CPU.ActiveCfg = Debug|Any CPU
		{8823891B-32DB-51E2-B824-0900BB07016B}.Debug|Any CPU.Build.0 = Debug|Any CPU
		{8823891B-32DB-51E2-B824-0900BB07016B}.Release|Any CPU.ActiveCfg = Release|Any CPU
		{8823891B-32DB-51E2-B824-0900BB07016B}.Release|Any CPU.Build.0 = Release|Any CPU
		{78FB9AC7-3A2D-0C88-74F4-2C9BA3F241E0}.Debug|Any CPU.ActiveCfg = Debug|Any CPU
		{78FB9AC7-3A2D-0C88-74F4-2C9BA3F241E0}.Debug|Any CPU.Build.0 = Debug|Any CPU
		{78FB9AC7-3A2D-0C88-74F4-2C9BA3F241E0}.Release|Any CPU.ActiveCfg = Release|Any CPU
		{78FB9AC7-3A2D-0C88-74F4-2C9BA3F241E0}.Release|Any CPU.Build.0 = Release|Any CPU
	EndGlobalSection
	GlobalSection(SolutionProperties) = preSolution
		HideSolutionNode = FALSE
	EndGlobalSection
	GlobalSection(ExtensibilityGlobals) = postSolution
		SolutionGuid = {39A0FFEA-5CCE-4DCF-A509-301DD9F172E6}
	EndGlobalSection
EndGlobal
